
Microsoft Visual Studio Solution File, Format Version 12.00
# Visual Studio Version 16
VisualStudioVersion = 16.0.30717.126
MinimumVisualStudioVersion = 10.0.40219.1
Project("{8BC9CEB8-8B4A-11D0-8D11-00A0C91BC942}") = "canvas2", "canvas2\canvas2.vcxproj", "{FBA514AB-0043-4B94-8E5D-71155D57CAED}"
EndProject
Global
	GlobalSection(SolutionConfigurationPlatforms) = preSolution
		Debug|x64 = Debug|x64
		Debug|x86 = Debug|x86
		Release|x64 = Release|x64
		Release|x86 = Release|x86
	EndGlobalSection
	GlobalSection(ProjectConfigurationPlatforms) = postSolution
		{FBA514AB-0043-4B94-8E5D-71155D57CAED}.Debug|x64.ActiveCfg = Debug|x64
		{FBA514AB-0043-4B94-8E5D-71155D57CAED}.Debug|x64.Build.0 = Debug|x64
		{FBA514AB-0043-4B94-8E5D-71155D57CAED}.Debug|x86.ActiveCfg = Debug|Win32
		{FBA514AB-0043-4B94-8E5D-71155D57CAED}.Debug|x86.Build.0 = Debug|Win32
		{FBA514AB-0043-4B94-8E5D-71155D57CAED}.Release|x64.ActiveCfg = Release|x64
		{FBA514AB-0043-4B94-8E5D-71155D57CAED}.Release|x64.Build.0 = Release|x64
		{FBA514AB-0043-4B94-8E5D-71155D57CAED}.Release|x86.ActiveCfg = Release|Win32
		{FBA514AB-0043-4B94-8E5D-71155D57CAED}.Release|x86.Build.0 = Release|Win32
	EndGlobalSection
	GlobalSection(SolutionProperties) = preSolution
		HideSolutionNode = FALSE
	EndGlobalSection
	GlobalSection(ExtensibilityGlobals) = postSolution
		SolutionGuid = {03EB912D-3C68-4CFF-AA88-1AAC8BB91FAE}
	EndGlobalSection
EndGlobal
